# @generated - this file is auto-generated by `mise lock` https://mise.en.dev/dev-tools/mise-lock.html

[[tools.bun]]
version = "1.3.10"
backend = "core:bun"

[tools.bun."platforms.linux-arm64"]
checksum = "sha256:fa5ecb25cafa8e8f5c87a0f833719d46dd0af0a86c7837d806531212d55636d3"
url = "https://github.com/oven-sh/bun/releases/download/bun-v1.3.10/bun-linux-aarch64.zip"

[tools.bun."platforms.linux-arm64-musl"]
checksum = "sha256:d2c81365a2e529b78a42330d3a0056e8dbd7896b4a6782c8e392b6532141e34d"
url = "https://github.com/oven-sh/bun/releases/download/bun-v1.3.10/bun-linux-aarch64-musl.zip"

[tools.bun."platforms.linux-x64"]
checksum = "sha256:f57bc0187e39623de716ba3a389fda5486b2d7be7131a980ba54dc7b733d2e08"
url = "https://github.com/oven-sh/bun/releases/download/bun-v1.3.10/bun-linux-x64.zip"

[tools.bun."platforms.linux-x64-baseline"]
checksum = "sha256:41201a8c5ee74a9dcbb1ce25a1104f1f929838b57a845aa78d98379b0ce7cde2"
url = "https://github.com/oven-sh/bun/releases/download/bun-v1.3.10/bun-linux-x64-baseline.zip"

[tools.bun."platforms.linux-x64-musl"]
checksum = "sha256:48a6c32277d343db0148ce066336472ffd380358a4d26bb1329714742492d824"
url = "https://github.com/oven-sh/bun/releases/download/bun-v1.3.10/bun-linux-x64-musl.zip"

[tools.bun."platforms.linux-x64-musl-baseline"]
checksum = "sha256:a7bc4cdea1ef255a83adbf39c7aafcd30e09f2b8f74deec4b10ee318bc024d1f"
url = "https://github.com/oven-sh/bun/releases/download/bun-v1.3.10/bun-linux-x64-musl-baseline.zip"

[tools.bun."platforms.macos-arm64"]
checksum = "sha256:82034e87c9d9b4398ea619aee2eed5d2a68c8157e9a6ae2d1052d84d533ccd8d"
url = "https://github.com/oven-sh/bun/releases/download/bun-v1.3.10/bun-darwin-aarch64.zip"

[tools.bun."platforms.macos-x64"]
checksum = "sha256:c1d90bf6140f20e572c473065dc6b37a4b036349b5e9e4133779cc642ad94323"
url = "https://github.com/oven-sh/bun/releases/download/bun-v1.3.10/bun-darwin-x64.zip"

[tools.bun."platforms.macos-x64-baseline"]
checksum = "sha256:f9686c4e4e760db4cde77a0f1fad05e552648b9c9cbfa4f7fc9a7ec26b9f3267"
url = "https://github.com/oven-sh/bun/releases/download/bun-v1.3.10/bun-darwin-x64-baseline.zip"

[tools.bun."platforms.windows-x64"]
checksum = "sha256:7a77b3e245e2e26965c93089a4a1332e8a326d3364c89fae1d1fd99cdd3cd73d"
url = "https://github.com/oven-sh/bun/releases/download/bun-v1.3.10/bun-windows-x64.zip"

[tools.bun."platforms.windows-x64-baseline"]
checksum = "sha256:715709c69b176e20994533d3292bd0b7c32de9c0c5575b916746ec6b2aa38346"
url = "https://github.com/oven-sh/bun/releases/download/bun-v1.3.10/bun-windows-x64-baseline.zip"

[[tools.fd]]
version = "10.4.2"
backend = "aqua:sharkdp/fd"

[tools.fd."platforms.linux-arm64"]
checksum = "sha256:f32d3657473fba74e2600babc8db0b93420d51169223b7e8143b2ed55d8fd9e8"
url = "https://github.com/sharkdp/fd/releases/download/v10.4.2/fd-v10.4.2-aarch64-unknown-linux-musl.tar.gz"

[tools.fd."platforms.linux-arm64-musl"]
checksum = "sha256:f32d3657473fba74e2600babc8db0b93420d51169223b7e8143b2ed55d8fd9e8"
url = "https://github.com/sharkdp/fd/releases/download/v10.4.2/fd-v10.4.2-aarch64-unknown-linux-musl.tar.gz"

[tools.fd."platforms.linux-x64"]
checksum = "sha256:e3257d48e29a6be965187dbd24ce9af564e0fe67b3e73c9bdcd180f4ec11bdde"
url = "https://github.com/sharkdp/fd/releases/download/v10.4.2/fd-v10.4.2-x86_64-unknown-linux-musl.tar.gz"

[tools.fd."platforms.linux-x64-baseline"]
checksum = "sha256:e3257d48e29a6be965187dbd24ce9af564e0fe67b3e73c9bdcd180f4ec11bdde"
url = "https://github.com/sharkdp/fd/releases/download/v10.4.2/fd-v10.4.2-x86_64-unknown-linux-musl.tar.gz"

[tools.fd."platforms.linux-x64-musl"]
checksum = "sha256:e3257d48e29a6be965187dbd24ce9af564e0fe67b3e73c9bdcd180f4ec11bdde"
url = "https://github.com/sharkdp/fd/releases/download/v10.4.2/fd-v10.4.2-x86_64-unknown-linux-musl.tar.gz"

[tools.fd."platforms.linux-x64-musl-baseline"]
checksum = "sha256:e3257d48e29a6be965187dbd24ce9af564e0fe67b3e73c9bdcd180f4ec11bdde"
url = "https://github.com/sharkdp/fd/releases/download/v10.4.2/fd-v10.4.2-x86_64-unknown-linux-musl.tar.gz"

[tools.fd."platforms.macos-arm64"]
checksum = "sha256:623dc0afc81b92e4d4606b380d7bc91916ba7b97814263e554d50923a39e480a"
url = "https://github.com/sharkdp/fd/releases/download/v10.4.2/fd-v10.4.2-aarch64-apple-darwin.tar.gz"

[tools.fd."platforms.windows-x64"]
checksum = "sha256:b2816e506390a89941c63c9187d58a3cc10e9a55f2ef0685f9ea0eccaf7c98c8"
url = "https://github.com/sharkdp/fd/releases/download/v10.4.2/fd-v10.4.2-x86_64-pc-windows-msvc.zip"

[tools.fd."platforms.windows-x64-baseline"]
checksum = "sha256:b2816e506390a89941c63c9187d58a3cc10e9a55f2ef0685f9ea0eccaf7c98c8"
url = "https://github.com/sharkdp/fd/releases/download/v10.4.2/fd-v10.4.2-x86_64-pc-windows-msvc.zip"

[[tools.gh]]
version = "2.97.0"
backend = "aqua:cli/cli"

[tools.gh."platforms.linux-arm64"]
checksum = "sha256:73ea440ecad9c9e284429997ee6f93577bc6f7bc6fba357ef62c53ad8fb641a5"
url = "https://github.com/cli/cli/releases/download/v2.97.0/gh_2.97.0_linux_arm64.tar.gz"
provenance = "github-attestations"

[tools.gh."platforms.linux-arm64-musl"]
checksum = "sha256:73ea440ecad9c9e284429997ee6f93577bc6f7bc6fba357ef62c53ad8fb641a5"
url = "https://github.com/cli/cli/releases/download/v2.97.0/gh_2.97.0_linux_arm64.tar.gz"
provenance = "github-attestations"

[tools.gh."platforms.linux-x64"]
checksum = "sha256:a2c9b8497e1f85b1ad0dfcb78b5a622e098801b8e461e459e88e1ee12f018112"
url = "https://github.com/cli/cli/releases/download/v2.97.0/gh_2.97.0_linux_amd64.tar.gz"
provenance = "github-attestations"

[tools.gh."platforms.linux-x64-baseline"]
checksum = "sha256:a2c9b8497e1f85b1ad0dfcb78b5a622e098801b8e461e459e88e1ee12f018112"
url = "https://github.com/cli/cli/releases/download/v2.97.0/gh_2.97.0_linux_amd64.tar.gz"
provenance = "github-attestations"

[tools.gh."platforms.linux-x64-musl"]
checksum = "sha256:a2c9b8497e1f85b1ad0dfcb78b5a622e098801b8e461e459e88e1ee12f018112"
url = "https://github.com/cli/cli/releases/download/v2.97.0/gh_2.97.0_linux_amd64.tar.gz"
provenance = "github-attestations"

[tools.gh."platforms.linux-x64-musl-baseline"]
checksum = "sha256:a2c9b8497e1f85b1ad0dfcb78b5a622e098801b8e461e459e88e1ee12f018112"
url = "https://github.com/cli/cli/releases/download/v2.97.0/gh_2.97.0_linux_amd64.tar.gz"
provenance = "github-attestations"

[tools.gh."platforms.macos-arm64"]
checksum = "sha256:a58b8fd77b417a38f47a0b54d1370c59b0fcdb324ccc9ca002b0998f7c4c999e"
url = "https://github.com/cli/cli/releases/download/v2.97.0/gh_2.97.0_macOS_arm64.zip"
provenance = "github-attestations"

[tools.gh."platforms.macos-x64"]
checksum = "sha256:63298c998cc2a924c9e254c6af6a1caad6ece281122687a91f079bc0a462700e"
url = "https://github.com/cli/cli/releases/download/v2.97.0/gh_2.97.0_macOS_amd64.zip"
provenance = "github-attestations"

[tools.gh."platforms.macos-x64-baseline"]
checksum = "sha256:63298c998cc2a924c9e254c6af6a1caad6ece281122687a91f079bc0a462700e"
url = "https://github.com/cli/cli/releases/download/v2.97.0/gh_2.97.0_macOS_amd64.zip"
provenance = "github-attestations"

[tools.gh."platforms.windows-x64"]
checksum = "sha256:35d7fe05c4dd1411ffda1e73dfc7c6f44b75c936ca51fa6595c657fdc0350cec"
url = "https://github.com/cli/cli/releases/download/v2.97.0/gh_2.97.0_windows_amd64.zip"
provenance = "github-attestations"

[tools.gh."platforms.windows-x64-baseline"]
checksum = "sha256:35d7fe05c4dd1411ffda1e73dfc7c6f44b75c936ca51fa6595c657fdc0350cec"
url = "https://github.com/cli/cli/releases/download/v2.97.0/gh_2.97.0_windows_amd64.zip"
provenance = "github-attestations"

[[tools."github:betterleaks/betterleaks"]]
version = "1.7.3"
backend = "github:betterleaks/betterleaks"

[tools."github:betterleaks/betterleaks"."platforms.linux-arm64"]
checksum = "sha256:0541cd2980964a6fb8ea768e8b9507c91a3c06229193462f33a3ecd9cb146b99"
url = "https://github.com/betterleaks/betterleaks/releases/download/v1.7.3/betterleaks_1.7.3_linux_arm64.tar.gz"
url_api = "https://api.github.com/repos/betterleaks/betterleaks/releases/assets/496917586"

[tools."github:betterleaks/betterleaks"."platforms.linux-arm64-musl"]
checksum = "sha256:0541cd2980964a6fb8ea768e8b9507c91a3c06229193462f33a3ecd9cb146b99"
url = "https://github.com/betterleaks/betterleaks/releases/download/v1.7.3/betterleaks_1.7.3_linux_arm64.tar.gz"
url_api = "https://api.github.com/repos/betterleaks/betterleaks/releases/assets/496917586"

[tools."github:betterleaks/betterleaks"."platforms.linux-x64"]
checksum = "sha256:9d2ed6fc387bc1c3f95557d5539077b1ce422f0db5ec38db5f14a141ad2947bf"
url = "https://github.com/betterleaks/betterleaks/releases/download/v1.7.3/betterleaks_1.7.3_linux_x64.tar.gz"
url_api = "https://api.github.com/repos/betterleaks/betterleaks/releases/assets/496917600"

[tools."github:betterleaks/betterleaks"."platforms.linux-x64-baseline"]
checksum = "sha256:9d2ed6fc387bc1c3f95557d5539077b1ce422f0db5ec38db5f14a141ad2947bf"
url = "https://github.com/betterleaks/betterleaks/releases/download/v1.7.3/betterleaks_1.7.3_linux_x64.tar.gz"
url_api = "https://api.github.com/repos/betterleaks/betterleaks/releases/assets/496917600"

[tools."github:betterleaks/betterleaks"."platforms.linux-x64-musl"]
checksum = "sha256:9d2ed6fc387bc1c3f95557d5539077b1ce422f0db5ec38db5f14a141ad2947bf"
url = "https://github.com/betterleaks/betterleaks/releases/download/v1.7.3/betterleaks_1.7.3_linux_x64.tar.gz"
url_api = "https://api.github.com/repos/betterleaks/betterleaks/releases/assets/496917600"

[tools."github:betterleaks/betterleaks"."platforms.linux-x64-musl-baseline"]
checksum = "sha256:9d2ed6fc387bc1c3f95557d5539077b1ce422f0db5ec38db5f14a141ad2947bf"
url = "https://github.com/betterleaks/betterleaks/releases/download/v1.7.3/betterleaks_1.7.3_linux_x64.tar.gz"
url_api = "https://api.github.com/repos/betterleaks/betterleaks/releases/assets/496917600"

[tools."github:betterleaks/betterleaks"."platforms.macos-arm64"]
checksum = "sha256:068449bf665a07d17389a38ddee749be7d5484254e9262018e138e94b43f10c0"
url = "https://github.com/betterleaks/betterleaks/releases/download/v1.7.3/betterleaks_1.7.3_darwin_arm64.tar.gz"
url_api = "https://api.github.com/repos/betterleaks/betterleaks/releases/assets/496917587"

[tools."github:betterleaks/betterleaks"."platforms.macos-x64"]
checksum = "sha256:2216363235feb5ad3696f6745c40a78156adce0c05dfb06a5eeca6d25e4aeed2"
url = "https://github.com/betterleaks/betterleaks/releases/download/v1.7.3/betterleaks_1.7.3_darwin_x64.tar.gz"
url_api = "https://api.github.com/repos/betterleaks/betterleaks/releases/assets/496917598"

[tools."github:betterleaks/betterleaks"."platforms.macos-x64-baseline"]
checksum = "sha256:2216363235feb5ad3696f6745c40a78156adce0c05dfb06a5eeca6d25e4aeed2"
url = "https://github.com/betterleaks/betterleaks/releases/download/v1.7.3/betterleaks_1.7.3_darwin_x64.tar.gz"
url_api = "https://api.github.com/repos/betterleaks/betterleaks/releases/assets/496917598"

[tools."github:betterleaks/betterleaks"."platforms.windows-x64"]
checksum = "sha256:076497e033d034669416fd926af6fb171ce750112c4c68ed0c708c238d42938a"
url = "https://github.com/betterleaks/betterleaks/releases/download/v1.7.3/betterleaks_1.7.3_windows_x64.zip"
url_api = "https://api.github.com/repos/betterleaks/betterleaks/releases/assets/496917589"

[tools."github:betterleaks/betterleaks"."platforms.windows-x64-baseline"]
checksum = "sha256:076497e033d034669416fd926af6fb171ce750112c4c68ed0c708c238d42938a"
url = "https://github.com/betterleaks/betterleaks/releases/download/v1.7.3/betterleaks_1.7.3_windows_x64.zip"
url_api = "https://api.github.com/repos/betterleaks/betterleaks/releases/assets/496917589"

[[tools.jq]]
version = "1.8.2"
backend = "aqua:jqlang/jq"

[tools.jq."platforms.linux-arm64"]
checksum = "sha256:8b85c817833814ddca00a144c33705546355afccf0cf39b188f3cdb48b852309"
url = "https://github.com/jqlang/jq/releases/download/jq-1.8.2/jq-linux-arm64"
provenance = "github-attestations"

[tools.jq."platforms.linux-arm64-musl"]
checksum = "sha256:8b85c817833814ddca00a144c33705546355afccf0cf39b188f3cdb48b852309"
url = "https://github.com/jqlang/jq/releases/download/jq-1.8.2/jq-linux-arm64"
provenance = "github-attestations"

[tools.jq."platforms.linux-x64"]
checksum = "sha256:b1c22172dd303f3be49e935aa56aa48a8b7a46e0bc838b4997d3bb451495870f"
url = "https://github.com/jqlang/jq/releases/download/jq-1.8.2/jq-linux-amd64"
provenance = "github-attestations"

[tools.jq."platforms.linux-x64-baseline"]
checksum = "sha256:b1c22172dd303f3be49e935aa56aa48a8b7a46e0bc838b4997d3bb451495870f"
url = "https://github.com/jqlang/jq/releases/download/jq-1.8.2/jq-linux-amd64"
provenance = "github-attestations"

[tools.jq."platforms.linux-x64-musl"]
checksum = "sha256:b1c22172dd303f3be49e935aa56aa48a8b7a46e0bc838b4997d3bb451495870f"
url = "https://github.com/jqlang/jq/releases/download/jq-1.8.2/jq-linux-amd64"
provenance = "github-attestations"

[tools.jq."platforms.linux-x64-musl-baseline"]
checksum = "sha256:b1c22172dd303f3be49e935aa56aa48a8b7a46e0bc838b4997d3bb451495870f"
url = "https://github.com/jqlang/jq/releases/download/jq-1.8.2/jq-linux-amd64"
provenance = "github-attestations"

[tools.jq."platforms.macos-arm64"]
checksum = "sha256:2d75340ba57a4b4b4c8708a21c2dc8e958a48aaa8bba13b27f77f6e4c0eca07e"
url = "https://github.com/jqlang/jq/releases/download/jq-1.8.2/jq-macos-arm64"
provenance = "github-attestations"

[tools.jq."platforms.macos-x64"]
checksum = "sha256:e94b266e3c26690550006abe63152b782280f4e14374accdf04cbde844f00bc0"
url = "https://github.com/jqlang/jq/releases/download/jq-1.8.2/jq-macos-amd64"
provenance = "github-attestations"

[tools.jq."platforms.macos-x64-baseline"]
checksum = "sha256:e94b266e3c26690550006abe63152b782280f4e14374accdf04cbde844f00bc0"
url = "https://github.com/jqlang/jq/releases/download/jq-1.8.2/jq-macos-amd64"
provenance = "github-attestations"

[tools.jq."platforms.windows-x64"]
checksum = "sha256:a6fc67fedaf9128a3309a1e2ebb8b986aeccf70122ee46d2cb4849e423f0c627"
url = "https://github.com/jqlang/jq/releases/download/jq-1.8.2/jq-windows-amd64.exe"
provenance = "github-attestations"

[tools.jq."platforms.windows-x64-baseline"]
checksum = "sha256:a6fc67fedaf9128a3309a1e2ebb8b986aeccf70122ee46d2cb4849e423f0c627"
url = "https://github.com/jqlang/jq/releases/download/jq-1.8.2/jq-windows-amd64.exe"
provenance = "github-attestations"

[[tools.lefthook]]
version = "2.1.10"
backend = "aqua:evilmartians/lefthook"

[tools.lefthook."platforms.linux-arm64"]
checksum = "sha256:6380a6ad6dd484466fd69bd83f24491d6ec27dc0b84e837be025620f7c4e11e3"
url = "https://github.com/evilmartians/lefthook/releases/download/v2.1.10/lefthook_2.1.10_Linux_aarch64.gz"
provenance = "github-attestations"

[tools.lefthook."platforms.linux-arm64-musl"]
checksum = "sha256:6380a6ad6dd484466fd69bd83f24491d6ec27dc0b84e837be025620f7c4e11e3"
url = "https://github.com/evilmartians/lefthook/releases/download/v2.1.10/lefthook_2.1.10_Linux_aarch64.gz"
provenance = "github-attestations"

[tools.lefthook."platforms.linux-x64"]
checksum = "sha256:0b14162a0bb2f0c64ae0759f6102f6e19c4d00981666a8ac73d4f5a6878ada4f"
url = "https://github.com/evilmartians/lefthook/releases/download/v2.1.10/lefthook_2.1.10_Linux_x86_64.gz"
provenance = "github-attestations"

[tools.lefthook."platforms.linux-x64-baseline"]
checksum = "sha256:0b14162a0bb2f0c64ae0759f6102f6e19c4d00981666a8ac73d4f5a6878ada4f"
url = "https://github.com/evilmartians/lefthook/releases/download/v2.1.10/lefthook_2.1.10_Linux_x86_64.gz"
provenance = "github-attestations"

[tools.lefthook."platforms.linux-x64-musl"]
checksum = "sha256:0b14162a0bb2f0c64ae0759f6102f6e19c4d00981666a8ac73d4f5a6878ada4f"
url = "https://github.com/evilmartians/lefthook/releases/download/v2.1.10/lefthook_2.1.10_Linux_x86_64.gz"
provenance = "github-attestations"

[tools.lefthook."platforms.linux-x64-musl-baseline"]
checksum = "sha256:0b14162a0bb2f0c64ae0759f6102f6e19c4d00981666a8ac73d4f5a6878ada4f"
url = "https://github.com/evilmartians/lefthook/releases/download/v2.1.10/lefthook_2.1.10_Linux_x86_64.gz"
provenance = "github-attestations"

[tools.lefthook."platforms.macos-arm64"]
checksum = "sha256:1dd4dc7b4c50efb1f9d9122cd6535c793738d6e59751c228d49f768ec9dbb604"
url = "https://github.com/evilmartians/lefthook/releases/download/v2.1.10/lefthook_2.1.10_MacOS_arm64.gz"
provenance = "github-attestations"

[tools.lefthook."platforms.macos-x64"]
checksum = "sha256:49d905f28ca46442cb236060058b252da650b5f7b864bd275b61aa46945e8c4a"
url = "https://github.com/evilmartians/lefthook/releases/download/v2.1.10/lefthook_2.1.10_MacOS_x86_64.gz"
provenance = "github-attestations"

[tools.lefthook."platforms.macos-x64-baseline"]
checksum = "sha256:49d905f28ca46442cb236060058b252da650b5f7b864bd275b61aa46945e8c4a"
url = "https://github.com/evilmartians/lefthook/releases/download/v2.1.10/lefthook_2.1.10_MacOS_x86_64.gz"
provenance = "github-attestations"

[tools.lefthook."platforms.windows-x64"]
checksum = "sha256:beabbce824641ae71229ed11dd8634f47148921cb649d25c90441b737481494a"
url = "https://github.com/evilmartians/lefthook/releases/download/v2.1.10/lefthook_2.1.10_Windows_x86_64.gz"
provenance = "github-attestations"

[tools.lefthook."platforms.windows-x64-baseline"]
checksum = "sha256:beabbce824641ae71229ed11dd8634f47148921cb649d25c90441b737481494a"
url = "https://github.com/evilmartians/lefthook/releases/download/v2.1.10/lefthook_2.1.10_Windows_x86_64.gz"
provenance = "github-attestations"

[[tools.node]]
version = "22.22.3"
backend = "core:node"

[tools.node."platforms.linux-arm64"]
checksum = "sha256:cc8bc82b2dd0b595c3b95a4c3c9c8c350907cff011afbdee3d1379e812e1e3e3"
url = "https://nodejs.org/dist/v22.22.3/node-v22.22.3-linux-arm64.tar.gz"

[tools.node."platforms.linux-arm64-musl"]
checksum = "sha256:09c87acbafae65e18fcc0eb188376c1254cab74dc769118f4b60479c5fa326cf"
url = "https://unofficial-builds.nodejs.org/download/release/v22.22.3/node-v22.22.3-linux-arm64-musl.tar.gz"

[tools.node."platforms.linux-x64"]
checksum = "sha256:c7a10d6816da8eaaa7534dd73c71c6e2b2c391dbbf845e364902d156615dd1b8"
url = "https://nodejs.org/dist/v22.22.3/node-v22.22.3-linux-x64.tar.gz"

[tools.node."platforms.linux-x64-baseline"]
checksum = "sha256:c7a10d6816da8eaaa7534dd73c71c6e2b2c391dbbf845e364902d156615dd1b8"
url = "https://nodejs.org/dist/v22.22.3/node-v22.22.3-linux-x64.tar.gz"

[tools.node."platforms.linux-x64-musl"]
checksum = "sha256:d227692583d6ae17c44028fd8f17cb1b3672167a6baa035818240cbb9db6ea4a"
url = "https://unofficial-builds.nodejs.org/download/release/v22.22.3/node-v22.22.3-linux-x64-musl.tar.gz"

[tools.node."platforms.linux-x64-musl-baseline"]
checksum = "sha256:d227692583d6ae17c44028fd8f17cb1b3672167a6baa035818240cbb9db6ea4a"
url = "https://unofficial-builds.nodejs.org/download/release/v22.22.3/node-v22.22.3-linux-x64-musl.tar.gz"

[tools.node."platforms.macos-arm64"]
checksum = "sha256:0da7ff74ef8611328c8212f17943368713a2ad953fb7d89a8c8a0eae87c23207"
url = "https://nodejs.org/dist/v22.22.3/node-v22.22.3-darwin-arm64.tar.gz"

[tools.node."platforms.macos-x64"]
checksum = "sha256:45830ba752fa0d892c6dcd640946669801293cac820a33591ded40ac075198ec"
url = "https://nodejs.org/dist/v22.22.3/node-v22.22.3-darwin-x64.tar.gz"

[tools.node."platforms.macos-x64-baseline"]
checksum = "sha256:45830ba752fa0d892c6dcd640946669801293cac820a33591ded40ac075198ec"
url = "https://nodejs.org/dist/v22.22.3/node-v22.22.3-darwin-x64.tar.gz"

[tools.node."platforms.windows-x64"]
checksum = "sha256:6c8d54f635feff4df76c2ca80f45332eb2ff57d25226edce36592e51a177ee33"
url = "https://nodejs.org/dist/v22.22.3/node-v22.22.3-win-x64.zip"

[tools.node."platforms.windows-x64-baseline"]
checksum = "sha256:6c8d54f635feff4df76c2ca80f45332eb2ff57d25226edce36592e51a177ee33"
url = "https://nodejs.org/dist/v22.22.3/node-v22.22.3-win-x64.zip"

[[tools.npm]]
version = "10.8.1"
backend = "npm:npm"

[[tools."npm:@bitkyc08/opencodex"]]
version = "2.10.2"
backend = "npm:@bitkyc08/opencodex"

[[tools."npm:@os-eco/seeds-cli"]]
version = "0.5.14"
backend = "npm:@os-eco/seeds-cli"

[[tools.ripgrep]]
version = "15.2.0"
backend = "aqua:BurntSushi/ripgrep"

[tools.ripgrep."platforms.linux-arm64"]
checksum = "sha256:a740b91c82eaf9914cfedd353572f2791cbe0162c84101ee0951058f4dcbc90d"
url = "https://github.com/BurntSushi/ripgrep/releases/download/15.2.0/ripgrep-15.2.0-aarch64-unknown-linux-gnu.tar.gz"

[tools.ripgrep."platforms.linux-arm64-musl"]
checksum = "sha256:800b1e7206afe799dfb5a6901f23147cfaabe0e52210538100f61e86e1740915"
url = "https://github.com/BurntSushi/ripgrep/releases/download/15.2.0/ripgrep-15.2.0-aarch64-unknown-linux-musl.tar.gz"

[tools.ripgrep."platforms.linux-x64"]
checksum = "sha256:33e15bcf1624b25cdd2a55813a47a2f95dbe126268203e76aa6a585d1e7b149c"
url = "https://github.com/BurntSushi/ripgrep/releases/download/15.2.0/ripgrep-15.2.0-x86_64-unknown-linux-musl.tar.gz"

[tools.ripgrep."platforms.linux-x64-baseline"]
checksum = "sha256:33e15bcf1624b25cdd2a55813a47a2f95dbe126268203e76aa6a585d1e7b149c"
url = "https://github.com/BurntSushi/ripgrep/releases/download/15.2.0/ripgrep-15.2.0-x86_64-unknown-linux-musl.tar.gz"

[tools.ripgrep."platforms.linux-x64-musl"]
checksum = "sha256:33e15bcf1624b25cdd2a55813a47a2f95dbe126268203e76aa6a585d1e7b149c"
url = "https://github.com/BurntSushi/ripgrep/releases/download/15.2.0/ripgrep-15.2.0-x86_64-unknown-linux-musl.tar.gz"

[tools.ripgrep."platforms.linux-x64-musl-baseline"]
checksum = "sha256:33e15bcf1624b25cdd2a55813a47a2f95dbe126268203e76aa6a585d1e7b149c"
url = "https://github.com/BurntSushi/ripgrep/releases/download/15.2.0/ripgrep-15.2.0-x86_64-unknown-linux-musl.tar.gz"

[tools.ripgrep."platforms.macos-arm64"]
checksum = "sha256:3750b2e93f37e0c692657da574d7019a101c0084da05a790c83fd335bad973e4"
url = "https://github.com/BurntSushi/ripgrep/releases/download/15.2.0/ripgrep-15.2.0-aarch64-apple-darwin.tar.gz"

[tools.ripgrep."platforms.macos-x64"]
checksum = "sha256:af7825fcc69a2afc7a7aea55fc9af90e26421d8f20fe59df32e233c0b8a231c1"
url = "https://github.com/BurntSushi/ripgrep/releases/download/15.2.0/ripgrep-15.2.0-x86_64-apple-darwin.tar.gz"

[tools.ripgrep."platforms.macos-x64-baseline"]
checksum = "sha256:af7825fcc69a2afc7a7aea55fc9af90e26421d8f20fe59df32e233c0b8a231c1"
url = "https://github.com/BurntSushi/ripgrep/releases/download/15.2.0/ripgrep-15.2.0-x86_64-apple-darwin.tar.gz"

[tools.ripgrep."platforms.windows-x64"]
checksum = "sha256:71b2fef860abe467217a538ff31de02f5258807c0129f771846f87bd029aafc5"
url = "https://github.com/BurntSushi/ripgrep/releases/download/15.2.0/ripgrep-15.2.0-x86_64-pc-windows-msvc.zip"

[tools.ripgrep."platforms.windows-x64-baseline"]
checksum = "sha256:71b2fef860abe467217a538ff31de02f5258807c0129f771846f87bd029aafc5"
url = "https://github.com/BurntSushi/ripgrep/releases/download/15.2.0/ripgrep-15.2.0-x86_64-pc-windows-msvc.zip"

[[tools.uv]]
version = "0.11.17"
backend = "aqua:astral-sh/uv"

[tools.uv."platforms.linux-arm64"]
checksum = "sha256:9e5eaf16ffad968fc689f18c2733ace914ed417d4e5572e92d807fd51a90228c"
url = "https://github.com/astral-sh/uv/releases/download/0.11.17/uv-aarch64-unknown-linux-musl.tar.gz"
provenance = "github-attestations"

[tools.uv."platforms.linux-arm64-musl"]
checksum = "sha256:9e5eaf16ffad968fc689f18c2733ace914ed417d4e5572e92d807fd51a90228c"
url = "https://github.com/astral-sh/uv/releases/download/0.11.17/uv-aarch64-unknown-linux-musl.tar.gz"
provenance = "github-attestations"

[tools.uv."platforms.linux-x64"]
checksum = "sha256:4231a429d4e0f7c1937d8916658c08a7706cd7872afebeb87203a18c2e0dc28e"
url = "https://github.com/astral-sh/uv/releases/download/0.11.17/uv-x86_64-unknown-linux-musl.tar.gz"
provenance = "github-attestations"

[tools.uv."platforms.linux-x64-baseline"]
checksum = "sha256:4231a429d4e0f7c1937d8916658c08a7706cd7872afebeb87203a18c2e0dc28e"
url = "https://github.com/astral-sh/uv/releases/download/0.11.17/uv-x86_64-unknown-linux-musl.tar.gz"
provenance = "github-attestations"

[tools.uv."platforms.linux-x64-musl"]
checksum = "sha256:4231a429d4e0f7c1937d8916658c08a7706cd7872afebeb87203a18c2e0dc28e"
url = "https://github.com/astral-sh/uv/releases/download/0.11.17/uv-x86_64-unknown-linux-musl.tar.gz"
provenance = "github-attestations"

[tools.uv."platforms.linux-x64-musl-baseline"]
checksum = "sha256:4231a429d4e0f7c1937d8916658c08a7706cd7872afebeb87203a18c2e0dc28e"
url = "https://github.com/astral-sh/uv/releases/download/0.11.17/uv-x86_64-unknown-linux-musl.tar.gz"
provenance = "github-attestations"

[tools.uv."platforms.macos-arm64"]
checksum = "sha256:2a162f6b90ff3691a2f9cae1622e066a3ce592e110f66670cdcc841324b28226"
url = "https://github.com/astral-sh/uv/releases/download/0.11.17/uv-aarch64-apple-darwin.tar.gz"
provenance = "github-attestations"

[tools.uv."platforms.macos-x64"]
checksum = "sha256:6c66e41eaf4d15abeda58d3f268161b6e3f742d98390341b174a7cfc1b48841d"
url = "https://github.com/astral-sh/uv/releases/download/0.11.17/uv-x86_64-apple-darwin.tar.gz"
provenance = "github-attestations"

[tools.uv."platforms.macos-x64-baseline"]
checksum = "sha256:6c66e41eaf4d15abeda58d3f268161b6e3f742d98390341b174a7cfc1b48841d"
url = "https://github.com/astral-sh/uv/releases/download/0.11.17/uv-x86_64-apple-darwin.tar.gz"
provenance = "github-attestations"

[tools.uv."platforms.windows-x64"]
checksum = "sha256:35fc29e03e62f3cda769bc12773f3cb70ce305d0d36c0d8bd0c117dd0b3fcd14"
url = "https://github.com/astral-sh/uv/releases/download/0.11.17/uv-x86_64-pc-windows-msvc.zip"
provenance = "github-attestations"

[tools.uv."platforms.windows-x64-baseline"]
checksum = "sha256:35fc29e03e62f3cda769bc12773f3cb70ce305d0d36c0d8bd0c117dd0b3fcd14"
url = "https://github.com/astral-sh/uv/releases/download/0.11.17/uv-x86_64-pc-windows-msvc.zip"
provenance = "github-attestations"
